
Microsoft Visual Studio Solution File, Format Version 12.00
# Visual Studio 15
VisualStudioVersion = 15.0.28307.168
MinimumVisualStudioVersion = 10.0.40219.1
Project("{FAE04EC0-301F-11D3-BF4B-00C04F79EFBC}") = "ConsoleApp", "ConsoleApp\ConsoleApp.csproj", "{ED05753D-A0FC-4DD3-BD6B-5A17A0452FD4}"
EndProject
Project("{FAE04EC0-301F-11D3-BF4B-00C04F79EFBC}") = "CriandoUmaCalculadora", "CriandoUmaCalculadora\CriandoUmaCalculadora.csproj", "{005642D0-A524-47F7-8158-9D6D551CC374}"
EndProject
Project("{FAE04EC0-301F-11D3-BF4B-00C04F79EFBC}") = "NumeroParOuImpar", "NumeroParOuImpar\NumeroParOuImpar.csproj", "{0BD2065A-4474-4E47-8DCD-1A035D6CBC4F}"
EndProject
Project("{FAE04EC0-301F-11D3-BF4B-00C04F79EFBC}") = "MeuNomeNaTela", "MeuNomeNaTela\MeuNomeNaTela.csproj", "{C936CE56-E5C0-4E3F-8C00-FF852D49F640}"
EndProject
Project("{FAE04EC0-301F-11D3-BF4B-00C04F79EFBC}") = "CalculoIMC", "CalculoIMC\CalculoIMC.csproj", "{3CA1765C-9AA6-4F37-840F-6C124E5B7CD6}"
EndProject
Global
	GlobalSection(SolutionConfigurationPlatforms) = preSolution
		Debug|Any CPU = Debug|Any CPU
		Release|Any CPU = Release|Any CPU
	EndGlobalSection
	GlobalSection(ProjectConfigurationPlatforms) = postSolution
		{ED05753D-A0FC-4DD3-BD6B-5A17A0452FD4}.Debug|Any CPU.ActiveCfg = Debug|Any CPU
		{ED05753D-A0FC-4DD3-BD6B-5A17A0452FD4}.Debug|Any CPU.Build.0 = Debug|Any CPU
		{ED05753D-A0FC-4DD3-BD6B-5A17A0452FD4}.Release|Any CPU.ActiveCfg = Release|Any CPU
		{ED05753D-A0FC-4DD3-BD6B-5A17A0452FD4}.Release|Any CPU.Build.0 = Release|Any CPU
		{005642D0-A524-47F7-8158-9D6D551CC374}.Debug|Any CPU.ActiveCfg = Debug|Any CPU
		{005642D0-A524-47F7-8158-9D6D551CC374}.Debug|Any CPU.Build.0 = Debug|Any CPU
		{005642D0-A524-47F7-8158-9D6D551CC374}.Release|Any CPU.ActiveCfg = Release|Any CPU
		{005642D0-A524-47F7-8158-9D6D551CC374}.Release|Any CPU.Build.0 = Release|Any CPU
		{0BD2065A-4474-4E47-8DCD-1A035D6CBC4F}.Debug|Any CPU.ActiveCfg = Debug|Any CPU
		{0BD2065A-4474-4E47-8DCD-1A035D6CBC4F}.Debug|Any CPU.Build.0 = Debug|Any CPU
		{0BD2065A-4474-4E47-8DCD-1A035D6CBC4F}.Release|Any CPU.ActiveCfg = Release|Any CPU
		{0BD2065A-4474-4E47-8DCD-1A035D6CBC4F}.Release|Any CPU.Build.0 = Release|Any CPU
		{C936CE56-E5C0-4E3F-8C00-FF852D49F640}.Debug|Any CPU.ActiveCfg = Debug|Any CPU
		{C936CE56-E5C0-4E3F-8C00-FF852D49F640}.Debug|Any CPU.Build.0 = Debug|Any CPU
		{C936CE56-E5C0-4E3F-8C00-FF852D49F640}.Release|Any CPU.ActiveCfg = Release|Any CPU
		{C936CE56-E5C0-4E3F-8C00-FF852D49F640}.Release|Any CPU.Build.0 = Release|Any CPU
		{3CA1765C-9AA6-4F37-840F-6C124E5B7CD6}.Debug|Any CPU.ActiveCfg = Debug|Any CPU
		{3CA1765C-9AA6-4F37-840F-6C124E5B7CD6}.Debug|Any CPU.Build.0 = Debug|Any CPU
		{3CA1765C-9AA6-4F37-840F-6C124E5B7CD6}.Release|Any CPU.ActiveCfg = Release|Any CPU
		{3CA1765C-9AA6-4F37-840F-6C124E5B7CD6}.Release|Any CPU.Build.0 = Release|Any CPU
	EndGlobalSection
	GlobalSection(SolutionProperties) = preSolution
		HideSolutionNode = FALSE
	EndGlobalSection
	GlobalSection(ExtensibilityGlobals) = postSolution
		SolutionGuid = {EF8A5013-AF97-40D0-9FE3-01EBAE8E0176}
	EndGlobalSection
EndGlobal
