
Microsoft Visual Studio Solution File, Format Version 12.00
# Visual Studio 15
VisualStudioVersion = 15.0.28307.421
MinimumVisualStudioVersion = 10.0.40219.1
Project("{FAE04EC0-301F-11D3-BF4B-00C04F79EFBC}") = "ConsoleApp", "ConsoleApp\ConsoleApp.csproj", "{ED05753D-A0FC-4DD3-BD6B-5A17A0452FD4}"
EndProject
Project("{FAE04EC0-301F-11D3-BF4B-00C04F79EFBC}") = "CriandoUmaCalculadora", "CriandoUmaCalculadora\CriandoUmaCalculadora.csproj", "{005642D0-A524-47F7-8158-9D6D551CC374}"
EndProject
Project("{FAE04EC0-301F-11D3-BF4B-00C04F79EFBC}") = "NumeroParOuImpar", "NumeroParOuImpar\NumeroParOuImpar.csproj", "{0BD2065A-4474-4E47-8DCD-1A035D6CBC4F}"
EndProject
Project("{FAE04EC0-301F-11D3-BF4B-00C04F79EFBC}") = "MeuNomeNaTela", "MeuNomeNaTela\MeuNomeNaTela.csproj", "{C936CE56-E5C0-4E3F-8C00-FF852D49F640}"
EndProject
Project("{FAE04EC0-301F-11D3-BF4B-00C04F79EFBC}") = "CalculoIMC", "CalculoIMC\CalculoIMC.csproj", "{3CA1765C-9AA6-4F37-840F-6C124E5B7CD6}"
EndProject
Project("{FAE04EC0-301F-11D3-BF4B-00C04F79EFBC}") = "MediaAritmetica", "MediaAritmetica\MediaAritmetica.csproj", "{87B5B727-2081-4958-AAE3-5F52C08ABD54}"
EndProject
Project("{FAE04EC0-301F-11D3-BF4B-00C04F79EFBC}") = "CaixaRetangular", "CaixaRetangular\CaixaRetangular.csproj", "{9DE1AFDF-D5EF-40A0-92D0-B4E5D020B5B4}"
EndProject
Project("{FAE04EC0-301F-11D3-BF4B-00C04F79EFBC}") = "ConversorDeTemperatura", "ConversorDeTemperatura\ConversorDeTemperatura.csproj", "{D6D6165D-6703-4296-A50E-7EC21BFF8593}"
EndProject
Project("{2150E333-8FDC-42A3-9474-1A3956D46DE8}") = "0 - Console", "0 - Console", "{DD2773BA-3954-4ED5-B8DF-7C6D97FF4392}"
EndProject
Project("{2150E333-8FDC-42A3-9474-1A3956D46DE8}") = "1 - WinForms", "1 - WinForms", "{9327B1C1-7AE0-4606-A3BF-47A47CD8F562}"
EndProject
Project("{FAE04EC0-301F-11D3-BF4B-00C04F79EFBC}") = "HelloWorld", "HelloWorld\HelloWorld.csproj", "{03643DEF-DA29-4D88-A176-155B8BD0D943}"
EndProject
Project("{FAE04EC0-301F-11D3-BF4B-00C04F79EFBC}") = "CSharpComSqlServer", "CSharpComSqlServer\CSharpComSqlServer.csproj", "{C2C5AAF3-76D1-4BDF-A428-B9171060C405}"
EndProject
Project("{FAE04EC0-301F-11D3-BF4B-00C04F79EFBC}") = "CalculosGeometricos", "CalculosGeometricos\CalculosGeometricos.csproj", "{6E6E7BF0-3B0E-45E0-BA6A-D3A61C04A295}"
EndProject
Global
	GlobalSection(SolutionConfigurationPlatforms) = preSolution
		Debug|Any CPU = Debug|Any CPU
		Release|Any CPU = Release|Any CPU
	EndGlobalSection
	GlobalSection(ProjectConfigurationPlatforms) = postSolution
		{ED05753D-A0FC-4DD3-BD6B-5A17A0452FD4}.Debug|Any CPU.ActiveCfg = Debug|Any CPU
		{ED05753D-A0FC-4DD3-BD6B-5A17A0452FD4}.Debug|Any CPU.Build.0 = Debug|Any CPU
		{ED05753D-A0FC-4DD3-BD6B-5A17A0452FD4}.Release|Any CPU.ActiveCfg = Release|Any CPU
		{ED05753D-A0FC-4DD3-BD6B-5A17A0452FD4}.Release|Any CPU.Build.0 = Release|Any CPU
		{005642D0-A524-47F7-8158-9D6D551CC374}.Debug|Any CPU.ActiveCfg = Debug|Any CPU
		{005642D0-A524-47F7-8158-9D6D551CC374}.Debug|Any CPU.Build.0 = Debug|Any CPU
		{005642D0-A524-47F7-8158-9D6D551CC374}.Release|Any CPU.ActiveCfg = Release|Any CPU
		{005642D0-A524-47F7-8158-9D6D551CC374}.Release|Any CPU.Build.0 = Release|Any CPU
		{0BD2065A-4474-4E47-8DCD-1A035D6CBC4F}.Debug|Any CPU.ActiveCfg = Debug|Any CPU
		{0BD2065A-4474-4E47-8DCD-1A035D6CBC4F}.Debug|Any CPU.Build.0 = Debug|Any CPU
		{0BD2065A-4474-4E47-8DCD-1A035D6CBC4F}.Release|Any CPU.ActiveCfg = Release|Any CPU
		{0BD2065A-4474-4E47-8DCD-1A035D6CBC4F}.Release|Any CPU.Build.0 = Release|Any CPU
		{C936CE56-E5C0-4E3F-8C00-FF852D49F640}.Debug|Any CPU.ActiveCfg = Debug|Any CPU
		{C936CE56-E5C0-4E3F-8C00-FF852D49F640}.Debug|Any CPU.Build.0 = Debug|Any CPU
		{C936CE56-E5C0-4E3F-8C00-FF852D49F640}.Release|Any CPU.ActiveCfg = Release|Any CPU
		{C936CE56-E5C0-4E3F-8C00-FF852D49F640}.Release|Any CPU.Build.0 = Release|Any CPU
		{3CA1765C-9AA6-4F37-840F-6C124E5B7CD6}.Debug|Any CPU.ActiveCfg = Debug|Any CPU
		{3CA1765C-9AA6-4F37-840F-6C124E5B7CD6}.Debug|Any CPU.Build.0 = Debug|Any CPU
		{3CA1765C-9AA6-4F37-840F-6C124E5B7CD6}.Release|Any CPU.ActiveCfg = Release|Any CPU
		{3CA1765C-9AA6-4F37-840F-6C124E5B7CD6}.Release|Any CPU.Build.0 = Release|Any CPU
		{87B5B727-2081-4958-AAE3-5F52C08ABD54}.Debug|Any CPU.ActiveCfg = Debug|Any CPU
		{87B5B727-2081-4958-AAE3-5F52C08ABD54}.Debug|Any CPU.Build.0 = Debug|Any CPU
		{87B5B727-2081-4958-AAE3-5F52C08ABD54}.Release|Any CPU.ActiveCfg = Release|Any CPU
		{87B5B727-2081-4958-AAE3-5F52C08ABD54}.Release|Any CPU.Build.0 = Release|Any CPU
		{9DE1AFDF-D5EF-40A0-92D0-B4E5D020B5B4}.Debug|Any CPU.ActiveCfg = Debug|Any CPU
		{9DE1AFDF-D5EF-40A0-92D0-B4E5D020B5B4}.Debug|Any CPU.Build.0 = Debug|Any CPU
		{9DE1AFDF-D5EF-40A0-92D0-B4E5D020B5B4}.Release|Any CPU.ActiveCfg = Release|Any CPU
		{9DE1AFDF-D5EF-40A0-92D0-B4E5D020B5B4}.Release|Any CPU.Build.0 = Release|Any CPU
		{D6D6165D-6703-4296-A50E-7EC21BFF8593}.Debug|Any CPU.ActiveCfg = Debug|Any CPU
		{D6D6165D-6703-4296-A50E-7EC21BFF8593}.Debug|Any CPU.Build.0 = Debug|Any CPU
		{D6D6165D-6703-4296-A50E-7EC21BFF8593}.Release|Any CPU.ActiveCfg = Release|Any CPU
		{D6D6165D-6703-4296-A50E-7EC21BFF8593}.Release|Any CPU.Build.0 = Release|Any CPU
		{03643DEF-DA29-4D88-A176-155B8BD0D943}.Debug|Any CPU.ActiveCfg = Debug|Any CPU
		{03643DEF-DA29-4D88-A176-155B8BD0D943}.Debug|Any CPU.Build.0 = Debug|Any CPU
		{03643DEF-DA29-4D88-A176-155B8BD0D943}.Release|Any CPU.ActiveCfg = Release|Any CPU
		{03643DEF-DA29-4D88-A176-155B8BD0D943}.Release|Any CPU.Build.0 = Release|Any CPU
		{C2C5AAF3-76D1-4BDF-A428-B9171060C405}.Debug|Any CPU.ActiveCfg = Debug|Any CPU
		{C2C5AAF3-76D1-4BDF-A428-B9171060C405}.Debug|Any CPU.Build.0 = Debug|Any CPU
		{C2C5AAF3-76D1-4BDF-A428-B9171060C405}.Release|Any CPU.ActiveCfg = Release|Any CPU
		{C2C5AAF3-76D1-4BDF-A428-B9171060C405}.Release|Any CPU.Build.0 = Release|Any CPU
		{6E6E7BF0-3B0E-45E0-BA6A-D3A61C04A295}.Debug|Any CPU.ActiveCfg = Debug|Any CPU
		{6E6E7BF0-3B0E-45E0-BA6A-D3A61C04A295}.Debug|Any CPU.Build.0 = Debug|Any CPU
		{6E6E7BF0-3B0E-45E0-BA6A-D3A61C04A295}.Release|Any CPU.ActiveCfg = Release|Any CPU
		{6E6E7BF0-3B0E-45E0-BA6A-D3A61C04A295}.Release|Any CPU.Build.0 = Release|Any CPU
	EndGlobalSection
	GlobalSection(SolutionProperties) = preSolution
		HideSolutionNode = FALSE
	EndGlobalSection
	GlobalSection(NestedProjects) = preSolution
		{ED05753D-A0FC-4DD3-BD6B-5A17A0452FD4} = {DD2773BA-3954-4ED5-B8DF-7C6D97FF4392}
		{005642D0-A524-47F7-8158-9D6D551CC374} = {DD2773BA-3954-4ED5-B8DF-7C6D97FF4392}
		{0BD2065A-4474-4E47-8DCD-1A035D6CBC4F} = {DD2773BA-3954-4ED5-B8DF-7C6D97FF4392}
		{C936CE56-E5C0-4E3F-8C00-FF852D49F640} = {DD2773BA-3954-4ED5-B8DF-7C6D97FF4392}
		{3CA1765C-9AA6-4F37-840F-6C124E5B7CD6} = {DD2773BA-3954-4ED5-B8DF-7C6D97FF4392}
		{87B5B727-2081-4958-AAE3-5F52C08ABD54} = {DD2773BA-3954-4ED5-B8DF-7C6D97FF4392}
		{9DE1AFDF-D5EF-40A0-92D0-B4E5D020B5B4} = {DD2773BA-3954-4ED5-B8DF-7C6D97FF4392}
		{D6D6165D-6703-4296-A50E-7EC21BFF8593} = {DD2773BA-3954-4ED5-B8DF-7C6D97FF4392}
		{03643DEF-DA29-4D88-A176-155B8BD0D943} = {9327B1C1-7AE0-4606-A3BF-47A47CD8F562}
		{C2C5AAF3-76D1-4BDF-A428-B9171060C405} = {9327B1C1-7AE0-4606-A3BF-47A47CD8F562}
		{6E6E7BF0-3B0E-45E0-BA6A-D3A61C04A295} = {DD2773BA-3954-4ED5-B8DF-7C6D97FF4392}
	EndGlobalSection
	GlobalSection(ExtensibilityGlobals) = postSolution
		SolutionGuid = {EF8A5013-AF97-40D0-9FE3-01EBAE8E0176}
	EndGlobalSection
EndGlobal
